{
  "name": "miniapp",
  "version": "1.0.0",
  "lockfileVersion": 3,
  "requires": true,
  "packages": {
    "": {
      "name": "miniapp",
      "version": "1.0.0",
      "dependencies": {
        "wx-server": "^0.0.1"
      }
    },
    "node_modules/wx-server": {
      "version": "0.0.1",
      "resolved": "https://registry.npmjs.org/wx-server/-/wx-server-0.0.1.tgz",
      "integrity": "sha512-Tlqj3cmIBmVrSms6SaqmyrXcw9xv8z1h+fOovBMuXnY9pthyPQ1PoO05T/7Dmo1YDgjMHIhRuoVOa1TFd0mNng==",
      "license": "ISC"
    }
  }
}
